
Microsoft Visual Studio Solution File, Format Version 12.00
# Visual Studio Version 16
VisualStudioVersion = 16.0.28803.352
MinimumVisualStudioVersion = 10.0.40219.1
Project("{FAE04EC0-301F-11D3-BF4B-00C04F79EFBC}") = "BannerlordHardmode", "BannerlordHardmode\BannerlordHardmode.csproj", "{D620E6B3-CAAF-426A-936E-59B53045C226}"
EndProject
Global
	GlobalSection(SolutionConfigurationPlatforms) = preSolution
		Debug|Any CPU = Debug|Any CPU
		Release|Any CPU = Release|Any CPU
	EndGlobalSection
	GlobalSection(ProjectConfigurationPlatforms) = postSolution
		{D620E6B3-CAAF-426A-936E-59B53045C226}.Debug|Any CPU.ActiveCfg = Debug|Any CPU
		{D620E6B3-CAAF-426A-936E-59B53045C226}.Debug|Any CPU.Build.0 = Debug|Any CPU
		{D620E6B3-CAAF-426A-936E-59B53045C226}.Release|Any CPU.ActiveCfg = Release|Any CPU
		{D620E6B3-CAAF-426A-936E-59B53045C226}.Release|Any CPU.Build.0 = Release|Any CPU
	EndGlobalSection
	GlobalSection(SolutionProperties) = preSolution
		HideSolutionNode = FALSE
	EndGlobalSection
	GlobalSection(ExtensibilityGlobals) = postSolution
		SolutionGuid = {6F46FC48-47F9-404B-8A85-431949AC1625}
	EndGlobalSection
EndGlobal
